// !$*UTF8*$!
{
	archiveVersion = 1;
	classes = {
	};
	objectVersion = 56;
	objects = {

/* Begin PBXBuildFile section */
		635E6F55296C9EBF001574A0 /* JobsApp.swift in Sources */ = {isa = PBXBuildFile; fileRef = 635E6F54296C9EBF001574A0 /* JobsApp.swift */; };
		635E6F57296C9EBF001574A0 /* ContentView.swift in Sources */ = {isa = PBXBuildFile; fileRef = 635E6F56296C9EBF001574A0 /* ContentView.swift */; };
		635E6F59296C9EC0001574A0 /* Assets.xcassets in Resources */ = {isa = PBXBuildFile; fileRef = 635E6F58296C9EC0001574A0 /* Assets.xcassets */; };
		635E6F5C296C9EC0001574A0 /* Preview Assets.xcassets in Resources */ = {isa = PBXBuildFile; fileRef = 635E6F5B296C9EC0001574A0 /* Preview Assets.xcassets */; };
		635E6F66296C9EC0001574A0 /* JobsTests.swift in Sources */ = {isa = PBXBuildFile; fileRef = 635E6F65296C9EC0001574A0 /* JobsTests.swift */; };
		635E6F7F296C9EE5001574A0 /* Job.swift in Sources */ = {isa = PBXBuildFile; fileRef = 635E6F7E296C9EE5001574A0 /* Job.swift */; };
		635E6F81296CA1A0001574A0 /* JobManager.swift in Sources */ = {isa = PBXBuildFile; fileRef = 635E6F80296CA1A0001574A0 /* JobManager.swift */; };
/* End PBXBuildFile section */

/* Begin PBXContainerItemProxy section */
		635E6F62296C9EC0001574A0 /* PBXContainerItemProxy */ = {
			isa = PBXContainerItemProxy;
			containerPortal = 635E6F49296C9EBF001574A0 /* Project object */;
			proxyType = 1;
			remoteGlobalIDString = 635E6F50296C9EBF001574A0;
			remoteInfo = Jobs;
		};
/* End PBXContainerItemProxy section */

/* Begin PBXFileReference section */
		635E6F51296C9EBF001574A0 /* Jobs.app */ = {isa = PBXFileReference; explicitFileType = wrapper.application; includeInIndex = 0; path = Jobs.app; sourceTree = BUILT_PRODUCTS_DIR; };
		635E6F54296C9EBF001574A0 /* JobsApp.swift */ = {isa = PBXFileReference; lastKnownFileType = sourcecode.swift; path = JobsApp.swift; sourceTree = "<group>"; };
		635E6F56296C9EBF001574A0 /* ContentView.swift */ = {isa = PBXFileReference; lastKnownFileType = sourcecode.swift; path = ContentView.swift; sourceTree = "<group>"; };
		635E6F58296C9EC0001574A0 /* Assets.xcassets */ = {isa = PBXFileReference; lastKnownFileType = folder.assetcatalog; path = Assets.xcassets; sourceTree = "<group>"; };
		635E6F5B296C9EC0001574A0 /* Preview Assets.xcassets */ = {isa = PBXFileReference; lastKnownFileType = folder.assetcatalog; path = "Preview Assets.xcassets"; sourceTree = "<group>"; };
		635E6F61296C9EC0001574A0 /* JobsTests.xctest */ = {isa = PBXFileReference; explicitFileType = wrapper.cfbundle; includeInIndex = 0; path = JobsTests.xctest; sourceTree = BUILT_PRODUCTS_DIR; };
		635E6F65296C9EC0001574A0 /* JobsTests.swift */ = {isa = PBXFileReference; lastKnownFileType = sourcecode.swift; path = JobsTests.swift; sourceTree = "<group>"; };
		635E6F6F296C9EC0001574A0 /* JobsUITests.swift */ = {isa = PBXFileReference; lastKnownFileType = sourcecode.swift; path = JobsUITests.swift; sourceTree = "<group>"; };
		635E6F71296C9EC1001574A0 /* JobsUITestsLaunchTests.swift */ = {isa = PBXFileReference; lastKnownFileType = sourcecode.swift; path = JobsUITestsLaunchTests.swift; sourceTree = "<group>"; };
		635E6F7E296C9EE5001574A0 /* Job.swift */ = {isa = PBXFileReference; lastKnownFileType = sourcecode.swift; path = Job.swift; sourceTree = "<group>"; };
		635E6F80296CA1A0001574A0 /* JobManager.swift */ = {isa = PBXFileReference; lastKnownFileType = sourcecode.swift; path = JobManager.swift; sourceTree = "<group>"; };
/* End PBXFileReference section */

/* Begin PBXFrameworksBuildPhase section */
		635E6F4E296C9EBF001574A0 /* Frameworks */ = {
			isa = PBXFrameworksBuildPhase;
			buildActionMask = 2147483647;
			files = (
			);
			runOnlyForDeploymentPostprocessing = 0;
		};
		635E6F5E296C9EC0001574A0 /* Frameworks */ = {
			isa = PBXFrameworksBuildPhase;
			buildActionMask = 2147483647;
			files = (
			);
			runOnlyForDeploymentPostprocessing = 0;
		};
/* End PBXFrameworksBuildPhase section */

/* Begin PBXGroup section */
		635E6F48296C9EBF001574A0 = {
			isa = PBXGroup;
			children = (
				635E6F53296C9EBF001574A0 /* Jobs */,
				635E6F64296C9EC0001574A0 /* JobsTests */,
				635E6F6E296C9EC0001574A0 /* JobsUITests */,
				635E6F52296C9EBF001574A0 /* Products */,
			);
			sourceTree = "<group>";
		};
		635E6F52296C9EBF001574A0 /* Products */ = {
			isa = PBXGroup;
			children = (
				635E6F51296C9EBF001574A0 /* Jobs.app */,
				635E6F61296C9EC0001574A0 /* JobsTests.xctest */,
			);
			name = Products;
			sourceTree = "<group>";
		};
		635E6F53296C9EBF001574A0 /* Jobs */ = {
			isa = PBXGroup;
			children = (
				635E6F54296C9EBF001574A0 /* JobsApp.swift */,
				635E6F56296C9EBF001574A0 /* ContentView.swift */,
				635E6F58296C9EC0001574A0 /* Assets.xcassets */,
				635E6F5A296C9EC0001574A0 /* Preview Content */,
				635E6F7E296C9EE5001574A0 /* Job.swift */,
				635E6F80296CA1A0001574A0 /* JobManager.swift */,
			);
			path = Jobs;
			sourceTree = "<group>";
		};
		635E6F5A296C9EC0001574A0 /* Preview Content */ = {
			isa = PBXGroup;
			children = (
				635E6F5B296C9EC0001574A0 /* Preview Assets.xcassets */,
			);
			path = "Preview Content";
			sourceTree = "<group>";
		};
		635E6F64296C9EC0001574A0 /* JobsTests */ = {
			isa = PBXGroup;
			children = (
				635E6F65296C9EC0001574A0 /* JobsTests.swift */,
			);
			path = JobsTests;
			sourceTree = "<group>";
		};
		635E6F6E296C9EC0001574A0 /* JobsUITests */ = {
			isa = PBXGroup;
			children = (
				635E6F6F296C9EC0001574A0 /* JobsUITests.swift */,
				635E6F71296C9EC1001574A0 /* JobsUITestsLaunchTests.swift */,
			);
			path = JobsUITests;
			sourceTree = "<group>";
		};
/* End PBXGroup section */

/* Begin PBXNativeTarget section */
		635E6F50296C9EBF001574A0 /* Jobs */ = {
			isa = PBXNativeTarget;
			buildConfigurationList = 635E6F75296C9EC1001574A0 /* Build configuration list for PBXNativeTarget "Jobs" */;
			buildPhases = (
				635E6F4D296C9EBF001574A0 /* Sources */,
				635E6F4E296C9EBF001574A0 /* Frameworks */,
				635E6F4F296C9EBF001574A0 /* Resources */,
			);
			buildRules = (
			);
			dependencies = (
			);
			name = Jobs;
			productName = Jobs;
			productReference = 635E6F51296C9EBF001574A0 /* Jobs.app */;
			productType = "com.apple.product-type.application";
		};
		635E6F60296C9EC0001574A0 /* JobsTests */ = {
			isa = PBXNativeTarget;
			buildConfigurationList = 635E6F78296C9EC1001574A0 /* Build configuration list for PBXNativeTarget "JobsTests" */;
			buildPhases = (
				635E6F5D296C9EC0001574A0 /* Sources */,
				635E6F5E296C9EC0001574A0 /* Frameworks */,
				635E6F5F296C9EC0001574A0 /* Resources */,
			);
			buildRules = (
			);
			dependencies = (
				635E6F63296C9EC0001574A0 /* PBXTargetDependency */,
			);
			name = JobsTests;
			productName = JobsTests;
			productReference = 635E6F61296C9EC0001574A0 /* JobsTests.xctest */;
			productType = "com.apple.product-type.bundle.unit-test";
		};
/* End PBXNativeTarget section */

/* Begin PBXProject section */
		635E6F49296C9EBF001574A0 /* Project object */ = {
			isa = PBXProject;
			attributes = {
				BuildIndependentTargetsInParallel = 1;
				LastSwiftUpdateCheck = 1420;
				LastUpgradeCheck = 1420;
				TargetAttributes = {
					635E6F50296C9EBF001574A0 = {
						CreatedOnToolsVersion = 14.2;
					};
					635E6F60296C9EC0001574A0 = {
						CreatedOnToolsVersion = 14.2;
						TestTargetID = 635E6F50296C9EBF001574A0;
					};
				};
			};
			buildConfigurationList = 635E6F4C296C9EBF001574A0 /* Build configuration list for PBXProject "Jobs" */;
			compatibilityVersion = "Xcode 14.0";
			developmentRegion = en;
			hasScannedForEncodings = 0;
			knownRegions = (
				en,
				Base,
			);
			mainGroup = 635E6F48296C9EBF001574A0;
			productRefGroup = 635E6F52296C9EBF001574A0 /* Products */;
			projectDirPath = "";
			projectRoot = "";
			targets = (
				635E6F50296C9EBF001574A0 /* Jobs */,
				635E6F60296C9EC0001574A0 /* JobsTests */,
			);
		};
/* End PBXProject section */

/* Begin PBXResourcesBuildPhase section */
		635E6F4F296C9EBF001574A0 /* Resources */ = {
			isa = PBXResourcesBuildPhase;
			buildActionMask = 2147483647;
			files = (
				635E6F5C296C9EC0001574A0 /* Preview Assets.xcassets in Resources */,
				635E6F59296C9EC0001574A0 /* Assets.xcassets in Resources */,
			);
			runOnlyForDeploymentPostprocessing = 0;
		};
		635E6F5F296C9EC0001574A0 /* Resources */ = {
			isa = PBXResourcesBuildPhase;
			buildActionMask = 2147483647;
			files = (
			);
			runOnlyForDeploymentPostprocessing = 0;
		};
/* End PBXResourcesBuildPhase section */

/* Begin PBXSourcesBuildPhase section */
		635E6F4D296C9EBF001574A0 /* Sources */ = {
			isa = PBXSourcesBuildPhase;
			buildActionMask = 2147483647;
			files = (
				635E6F57296C9EBF001574A0 /* ContentView.swift in Sources */,
				635E6F81296CA1A0001574A0 /* JobManager.swift in Sources */,
				635E6F7F296C9EE5001574A0 /* Job.swift in Sources */,
				635E6F55296C9EBF001574A0 /* JobsApp.swift in Sources */,
			);
			runOnlyForDeploymentPostprocessing = 0;
		};
		635E6F5D296C9EC0001574A0 /* Sources */ = {
			isa = PBXSourcesBuildPhase;
			buildActionMask = 2147483647;
			files = (
				635E6F66296C9EC0001574A0 /* JobsTests.swift in Sources */,
			);
			runOnlyForDeploymentPostprocessing = 0;
		};
/* End PBXSourcesBuildPhase section */

/* Begin PBXTargetDependency section */
		635E6F63296C9EC0001574A0 /* PBXTargetDependency */ = {
			isa = PBXTargetDependency;
			target = 635E6F50296C9EBF001574A0 /* Jobs */;
			targetProxy = 635E6F62296C9EC0001574A0 /* PBXContainerItemProxy */;
		};
/* End PBXTargetDependency section */

/* Begin XCBuildConfiguration section */
		635E6F73296C9EC1001574A0 /* Debug */ = {
			isa = XCBuildConfiguration;
			buildSettings = {
				ALWAYS_SEARCH_USER_PATHS = NO;
				CLANG_ANALYZER_NONNULL = YES;
				CLANG_ANALYZER_NUMBER_OBJECT_CONVERSION = YES_AGGRESSIVE;
				CLANG_CXX_LANGUAGE_STANDARD = "gnu++20";
				CLANG_ENABLE_MODULES = YES;
				CLANG_ENABLE_OBJC_ARC = YES;
				CLANG_ENABLE_OBJC_WEAK = YES;
				CLANG_WARN_BLOCK_CAPTURE_AUTORELEASING = YES;
				CLANG_WARN_BOOL_CONVERSION = YES;
				CLANG_WARN_COMMA = YES;
				CLANG_WARN_CONSTANT_CONVERSION = YES;
				CLANG_WARN_DEPRECATED_OBJC_IMPLEMENTATIONS = YES;
				CLANG_WARN_DIRECT_OBJC_ISA_USAGE = YES_ERROR;
				CLANG_WARN_DOCUMENTATION_COMMENTS = YES;
				CLANG_WARN_EMPTY_BODY = YES;
				CLANG_WARN_ENUM_CONVERSION = YES;
				CLANG_WARN_INFINITE_RECURSION = YES;
				CLANG_WARN_INT_CONVERSION = YES;
				CLANG_WARN_NON_LITERAL_NULL_CONVERSION = YES;
				CLANG_WARN_OBJC_IMPLICIT_RETAIN_SELF = YES;
				CLANG_WARN_OBJC_LITERAL_CONVERSION = YES;
				CLANG_WARN_OBJC_ROOT_CLASS = YES_ERROR;
				CLANG_WARN_QUOTED_INCLUDE_IN_FRAMEWORK_HEADER = YES;
				CLANG_WARN_RANGE_LOOP_ANALYSIS = YES;
				CLANG_WARN_STRICT_PROTOTYPES = YES;
				CLANG_WARN_SUSPICIOUS_MOVE = YES;
				CLANG_WARN_UNGUARDED_AVAILABILITY = YES_AGGRESSIVE;
				CLANG_WARN_UNREACHABLE_CODE = YES;
				CLANG_WARN__DUPLICATE_METHOD_MATCH = YES;
				COPY_PHASE_STRIP = NO;
				DEBUG_INFORMATION_FORMAT = dwarf;
				ENABLE_STRICT_OBJC_MSGSEND = YES;
				ENABLE_TESTABILITY = YES;
				GCC_C_LANGUAGE_STANDARD = gnu11;
				GCC_DYNAMIC_NO_PIC = NO;
				GCC_NO_COMMON_BLOCKS = YES;
				GCC_OPTIMIZATION_LEVEL = 0;
				GCC_PREPROCESSOR_DEFINITIONS = (
					"DEBUG=1",
					"$(inherited)",
				);
				GCC_WARN_64_TO_32_BIT_CONVERSION = YES;
				GCC_WARN_ABOUT_RETURN_TYPE = YES_ERROR;
				GCC_WARN_UNDECLARED_SELECTOR = YES;
				GCC_WARN_UNINITIALIZED_AUTOS = YES_AGGRESSIVE;
				GCC_WARN_UNUSED_FUNCTION = YES;
				GCC_WARN_UNUSED_VARIABLE = YES;
				IPHONEOS_DEPLOYMENT_TARGET = 16.2;
				MTL_ENABLE_DEBUG_INFO = INCLUDE_SOURCE;
				MTL_FAST_MATH = YES;
				ONLY_ACTIVE_ARCH = YES;
				SDKROOT = iphoneos;
				SWIFT_ACTIVE_COMPILATION_CONDITIONS = DEBUG;
				SWIFT_OPTIMIZATION_LEVEL = "-Onone";
			};
			name = Debug;
		};
		635E6F74296C9EC1001574A0 /* Release */ = {
			isa = XCBuildConfiguration;
			buildSettings = {
				ALWAYS_SEARCH_USER_PATHS = NO;
				CLANG_ANALYZER_NONNULL = YES;
				CLANG_ANALYZER_NUMBER_OBJECT_CONVERSION = YES_AGGRESSIVE;
				CLANG_CXX_LANGUAGE_STANDARD = "gnu++20";
				CLANG_ENABLE_MODULES = YES;
				CLANG_ENABLE_OBJC_ARC = YES;
				CLANG_ENABLE_OBJC_WEAK = YES;
				CLANG_WARN_BLOCK_CAPTURE_AUTORELEASING = YES;
				CLANG_WARN_BOOL_CONVERSION = YES;
				CLANG_WARN_COMMA = YES;
				CLANG_WARN_CONSTANT_CONVERSION = YES;
				CLANG_WARN_DEPRECATED_OBJC_IMPLEMENTATIONS = YES;
				CLANG_WARN_DIRECT_OBJC_ISA_USAGE = YES_ERROR;
				CLANG_WARN_DOCUMENTATION_COMMENTS = YES;
				CLANG_WARN_EMPTY_BODY = YES;
				CLANG_WARN_ENUM_CONVERSION = YES;
				CLANG_WARN_INFINITE_RECURSION = YES;
				CLANG_WARN_INT_CONVERSION = YES;
				CLANG_WARN_NON_LITERAL_NULL_CONVERSION = YES;
				CLANG_WARN_OBJC_IMPLICIT_RETAIN_SELF = YES;
				CLANG_WARN_OBJC_LITERAL_CONVERSION = YES;
				CLANG_WARN_OBJC_ROOT_CLASS = YES_ERROR;
				CLANG_WARN_QUOTED_INCLUDE_IN_FRAMEWORK_HEADER = YES;
				CLANG_WARN_RANGE_LOOP_ANALYSIS = YES;
				CLANG_WARN_STRICT_PROTOTYPES = YES;
				CLANG_WARN_SUSPICIOUS_MOVE = YES;
				CLANG_WARN_UNGUARDED_AVAILABILITY = YES_AGGRESSIVE;
				CLANG_WARN_UNREACHABLE_CODE = YES;
				CLANG_WARN__DUPLICATE_METHOD_MATCH = YES;
				COPY_PHASE_STRIP = NO;
				DEBUG_INFORMATION_FORMAT = "dwarf-with-dsym";
				ENABLE_NS_ASSERTIONS = NO;
				ENABLE_STRICT_OBJC_MSGSEND = YES;
				GCC_C_LANGUAGE_STANDARD = gnu11;
				GCC_NO_COMMON_BLOCKS = YES;
				GCC_WARN_64_TO_32_BIT_CONVERSION = YES;
				GCC_WARN_ABOUT_RETURN_TYPE = YES_ERROR;
				GCC_WARN_UNDECLARED_SELECTOR = YES;
				GCC_WARN_UNINITIALIZED_AUTOS = YES_AGGRESSIVE;
				GCC_WARN_UNUSED_FUNCTION = YES;
				GCC_WARN_UNUSED_VARIABLE = YES;
				IPHONEOS_DEPLOYMENT_TARGET = 16.2;
				MTL_ENABLE_DEBUG_INFO = NO;
				MTL_FAST_MATH = YES;
				SDKROOT = iphoneos;
				SWIFT_COMPILATION_MODE = wholemodule;
				SWIFT_OPTIMIZATION_LEVEL = "-O";
				VALIDATE_PRODUCT = YES;
			};
			name = Release;
		};
		635E6F76296C9EC1001574A0 /* Debug */ = {
			isa = XCBuildConfiguration;
			buildSettings = {
				ASSETCATALOG_COMPILER_APPICON_NAME = AppIcon;
				ASSETCATALOG_COMPILER_GLOBAL_ACCENT_COLOR_NAME = AccentColor;
				CODE_SIGN_STYLE = Automatic;
				CURRENT_PROJECT_VERSION = 1;
				DEVELOPMENT_ASSET_PATHS = "\"Jobs/Preview Content\"";
				DEVELOPMENT_TEAM = 4SD4TZFWT4;
				ENABLE_PREVIEWS = YES;
				GENERATE_INFOPLIST_FILE = YES;
				INFOPLIST_KEY_UIApplicationSceneManifest_Generation = YES;
				INFOPLIST_KEY_UIApplicationSupportsIndirectInputEvents = YES;
				INFOPLIST_KEY_UILaunchScreen_Generation = YES;
				INFOPLIST_KEY_UISupportedInterfaceOrientations_iPad = "UIInterfaceOrientationPortrait UIInterfaceOrientationPortraitUpsideDown UIInterfaceOrientationLandscapeLeft UIInterfaceOrientationLandscapeRight";
				INFOPLIST_KEY_UISupportedInterfaceOrientations_iPhone = "UIInterfaceOrientationPortrait UIInterfaceOrientationLandscapeLeft UIInterfaceOrientationLandscapeRight";
				LD_RUNPATH_SEARCH_PATHS = (
					"$(inherited)",
					"@executable_path/Frameworks",
				);
				MARKETING_VERSION = 1.0;
				PRODUCT_BUNDLE_IDENTIFIER = HSInterview.Jobs;
				PRODUCT_NAME = "$(TARGET_NAME)";
				SWIFT_EMIT_LOC_STRINGS = YES;
				SWIFT_VERSION = 5.0;
				TARGETED_DEVICE_FAMILY = "1,2";
			};
			name = Debug;
		};
		635E6F77296C9EC1001574A0 /* Release */ = {
			isa = XCBuildConfiguration;
			buildSettings = {
				ASSETCATALOG_COMPILER_APPICON_NAME = AppIcon;
				ASSETCATALOG_COMPILER_GLOBAL_ACCENT_COLOR_NAME = AccentColor;
				CODE_SIGN_STYLE = Automatic;
				CURRENT_PROJECT_VERSION = 1;
				DEVELOPMENT_ASSET_PATHS = "\"Jobs/Preview Content\"";
				DEVELOPMENT_TEAM = 4SD4TZFWT4;
				ENABLE_PREVIEWS = YES;
				GENERATE_INFOPLIST_FILE = YES;
				INFOPLIST_KEY_UIApplicationSceneManifest_Generation = YES;
				INFOPLIST_KEY_UIApplicationSupportsIndirectInputEvents = YES;
				INFOPLIST_KEY_UILaunchScreen_Generation = YES;
				INFOPLIST_KEY_UISupportedInterfaceOrientations_iPad = "UIInterfaceOrientationPortrait UIInterfaceOrientationPortraitUpsideDown UIInterfaceOrientationLandscapeLeft UIInterfaceOrientationLandscapeRight";
				INFOPLIST_KEY_UISupportedInterfaceOrientations_iPhone = "UIInterfaceOrientationPortrait UIInterfaceOrientationLandscapeLeft UIInterfaceOrientationLandscapeRight";
				LD_RUNPATH_SEARCH_PATHS = (
					"$(inherited)",
					"@executable_path/Frameworks",
				);
				MARKETING_VERSION = 1.0;
				PRODUCT_BUNDLE_IDENTIFIER = HSInterview.Jobs;
				PRODUCT_NAME = "$(TARGET_NAME)";
				SWIFT_EMIT_LOC_STRINGS = YES;
				SWIFT_VERSION = 5.0;
				TARGETED_DEVICE_FAMILY = "1,2";
			};
			name = Release;
		};
		635E6F79296C9EC1001574A0 /* Debug */ = {
			isa = XCBuildConfiguration;
			buildSettings = {
				ALWAYS_EMBED_SWIFT_STANDARD_LIBRARIES = YES;
				BUNDLE_LOADER = "$(TEST_HOST)";
				CODE_SIGN_STYLE = Automatic;
				CURRENT_PROJECT_VERSION = 1;
				DEVELOPMENT_TEAM = 4SD4TZFWT4;
				GENERATE_INFOPLIST_FILE = YES;
				IPHONEOS_DEPLOYMENT_TARGET = 16.2;
				MARKETING_VERSION = 1.0;
				PRODUCT_BUNDLE_IDENTIFIER = HSInterview.JobsTests;
				PRODUCT_NAME = "$(TARGET_NAME)";
				SWIFT_EMIT_LOC_STRINGS = NO;
				SWIFT_VERSION = 5.0;
				TARGETED_DEVICE_FAMILY = "1,2";
				TEST_HOST = "$(BUILT_PRODUCTS_DIR)/Jobs.app/$(BUNDLE_EXECUTABLE_FOLDER_PATH)/Jobs";
			};
			name = Debug;
		};
		635E6F7A296C9EC1001574A0 /* Release */ = {
			isa = XCBuildConfiguration;
			buildSettings = {
				ALWAYS_EMBED_SWIFT_STANDARD_LIBRARIES = YES;
				BUNDLE_LOADER = "$(TEST_HOST)";
				CODE_SIGN_STYLE = Automatic;
				CURRENT_PROJECT_VERSION = 1;
				DEVELOPMENT_TEAM = 4SD4TZFWT4;
				GENERATE_INFOPLIST_FILE = YES;
				IPHONEOS_DEPLOYMENT_TARGET = 16.2;
				MARKETING_VERSION = 1.0;
				PRODUCT_BUNDLE_IDENTIFIER = HSInterview.JobsTests;
				PRODUCT_NAME = "$(TARGET_NAME)";
				SWIFT_EMIT_LOC_STRINGS = NO;
				SWIFT_VERSION = 5.0;
				TARGETED_DEVICE_FAMILY = "1,2";
				TEST_HOST = "$(BUILT_PRODUCTS_DIR)/Jobs.app/$(BUNDLE_EXECUTABLE_FOLDER_PATH)/Jobs";
			};
			name = Release;
		};
/* End XCBuildConfiguration section */

/* Begin XCConfigurationList section */
		635E6F4C296C9EBF001574A0 /* Build configuration list for PBXProject "Jobs" */ = {
			isa = XCConfigurationList;
			buildConfigurations = (
				635E6F73296C9EC1001574A0 /* Debug */,
				635E6F74296C9EC1001574A0 /* Release */,
			);
			defaultConfigurationIsVisible = 0;
			defaultConfigurationName = Release;
		};
		635E6F75296C9EC1001574A0 /* Build configuration list for PBXNativeTarget "Jobs" */ = {
			isa = XCConfigurationList;
			buildConfigurations = (
				635E6F76296C9EC1001574A0 /* Debug */,
				635E6F77296C9EC1001574A0 /* Release */,
			);
			defaultConfigurationIsVisible = 0;
			defaultConfigurationName = Release;
		};
		635E6F78296C9EC1001574A0 /* Build configuration list for PBXNativeTarget "JobsTests" */ = {
			isa = XCConfigurationList;
			buildConfigurations = (
				635E6F79296C9EC1001574A0 /* Debug */,
				635E6F7A296C9EC1001574A0 /* Release */,
			);
			defaultConfigurationIsVisible = 0;
			defaultConfigurationName = Release;
		};
/* End XCConfigurationList section */
	};
	rootObject = 635E6F49296C9EBF001574A0 /* Project object */;
}
